
Microsoft Visual Studio Solution File, Format Version 12.00
# Visual Studio Version 16
VisualStudioVersion = 16.0.33214.272
MinimumVisualStudioVersion = 10.0.40219.1
Project("{8BC9CEB8-8B4A-11D0-8D11-00A0C91BC942}") = "Practica3", "Projects\Practica2\Practica2.vcxproj", "{7718523C-174D-4153-9286-DA0B84B25157}"
	ProjectSection(ProjectDependencies) = postProject
		{115DAE5F-98B3-442E-B9C6-30D585A4BCDF} = {115DAE5F-98B3-442E-B9C6-30D585A4BCDF}
		{16D418D9-48B7-45A8-9154-EC97FB339F45} = {16D418D9-48B7-45A8-9154-EC97FB339F45}
		{BE26CEED-7B85-479A-B9F0-94803DDB629F} = {BE26CEED-7B85-479A-B9F0-94803DDB629F}
	EndProjectSection
EndProject
Project("{8BC9CEB8-8B4A-11D0-8D11-00A0C91BC942}") = "PC", "Projects\PC\PC.vcxproj", "{115DAE5F-98B3-442E-B9C6-30D585A4BCDF}"
	ProjectSection(ProjectDependencies) = postProject
		{16D418D9-48B7-45A8-9154-EC97FB339F45} = {16D418D9-48B7-45A8-9154-EC97FB339F45}
	EndProjectSection
EndProject
Project("{2150E333-8FDC-42A3-9474-1A3956D46DE8}") = "Engine", "Engine", "{5B19B334-FB03-48F5-9202-856A0BBBFC31}"
EndProject
Project("{8BC9CEB8-8B4A-11D0-8D11-00A0C91BC942}") = "Common", "Projects\Common\Common.vcxproj", "{16D418D9-48B7-45A8-9154-EC97FB339F45}"
EndProject
Project("{8BC9CEB8-8B4A-11D0-8D11-00A0C91BC942}") = "PS4Engine", "Projects\PS4Engine\PS4Engine.vcxproj", "{BE26CEED-7B85-479A-B9F0-94803DDB629F}"
	ProjectSection(ProjectDependencies) = postProject
		{16D418D9-48B7-45A8-9154-EC97FB339F45} = {16D418D9-48B7-45A8-9154-EC97FB339F45}
	EndProjectSection
EndProject
Global
	GlobalSection(SolutionConfigurationPlatforms) = preSolution
		Debug|ORBIS = Debug|ORBIS
		Debug|x64 = Debug|x64
		Release|ORBIS = Release|ORBIS
		Release|x64 = Release|x64
	EndGlobalSection
	GlobalSection(ProjectConfigurationPlatforms) = postSolution
		{7718523C-174D-4153-9286-DA0B84B25157}.Debug|ORBIS.ActiveCfg = Debug|ORBIS
		{7718523C-174D-4153-9286-DA0B84B25157}.Debug|ORBIS.Build.0 = Debug|ORBIS
		{7718523C-174D-4153-9286-DA0B84B25157}.Debug|x64.ActiveCfg = Debug|x64
		{7718523C-174D-4153-9286-DA0B84B25157}.Debug|x64.Build.0 = Debug|x64
		{7718523C-174D-4153-9286-DA0B84B25157}.Release|ORBIS.ActiveCfg = Release|ORBIS
		{7718523C-174D-4153-9286-DA0B84B25157}.Release|ORBIS.Build.0 = Release|ORBIS
		{7718523C-174D-4153-9286-DA0B84B25157}.Release|x64.ActiveCfg = Release|x64
		{7718523C-174D-4153-9286-DA0B84B25157}.Release|x64.Build.0 = Release|x64
		{115DAE5F-98B3-442E-B9C6-30D585A4BCDF}.Debug|ORBIS.ActiveCfg = Debug|x64
		{115DAE5F-98B3-442E-B9C6-30D585A4BCDF}.Debug|x64.ActiveCfg = Debug|x64
		{115DAE5F-98B3-442E-B9C6-30D585A4BCDF}.Debug|x64.Build.0 = Debug|x64
		{115DAE5F-98B3-442E-B9C6-30D585A4BCDF}.Release|ORBIS.ActiveCfg = Release|x64
		{115DAE5F-98B3-442E-B9C6-30D585A4BCDF}.Release|x64.ActiveCfg = Release|x64
		{115DAE5F-98B3-442E-B9C6-30D585A4BCDF}.Release|x64.Build.0 = Release|x64
		{16D418D9-48B7-45A8-9154-EC97FB339F45}.Debug|ORBIS.ActiveCfg = Debug|ORBIS
		{16D418D9-48B7-45A8-9154-EC97FB339F45}.Debug|ORBIS.Build.0 = Debug|ORBIS
		{16D418D9-48B7-45A8-9154-EC97FB339F45}.Debug|x64.ActiveCfg = Debug|x64
		{16D418D9-48B7-45A8-9154-EC97FB339F45}.Debug|x64.Build.0 = Debug|x64
		{16D418D9-48B7-45A8-9154-EC97FB339F45}.Release|ORBIS.ActiveCfg = Release|ORBIS
		{16D418D9-48B7-45A8-9154-EC97FB339F45}.Release|ORBIS.Build.0 = Release|ORBIS
		{16D418D9-48B7-45A8-9154-EC97FB339F45}.Release|x64.ActiveCfg = Release|x64
		{16D418D9-48B7-45A8-9154-EC97FB339F45}.Release|x64.Build.0 = Release|x64
		{BE26CEED-7B85-479A-B9F0-94803DDB629F}.Debug|ORBIS.ActiveCfg = Debug|ORBIS
		{BE26CEED-7B85-479A-B9F0-94803DDB629F}.Debug|ORBIS.Build.0 = Debug|ORBIS
		{BE26CEED-7B85-479A-B9F0-94803DDB629F}.Debug|x64.ActiveCfg = Debug|ORBIS
		{BE26CEED-7B85-479A-B9F0-94803DDB629F}.Release|ORBIS.ActiveCfg = Release|ORBIS
		{BE26CEED-7B85-479A-B9F0-94803DDB629F}.Release|ORBIS.Build.0 = Release|ORBIS
		{BE26CEED-7B85-479A-B9F0-94803DDB629F}.Release|x64.ActiveCfg = Release|ORBIS
	EndGlobalSection
	GlobalSection(SolutionProperties) = preSolution
		HideSolutionNode = FALSE
	EndGlobalSection
	GlobalSection(NestedProjects) = preSolution
		{115DAE5F-98B3-442E-B9C6-30D585A4BCDF} = {5B19B334-FB03-48F5-9202-856A0BBBFC31}
		{16D418D9-48B7-45A8-9154-EC97FB339F45} = {5B19B334-FB03-48F5-9202-856A0BBBFC31}
		{BE26CEED-7B85-479A-B9F0-94803DDB629F} = {5B19B334-FB03-48F5-9202-856A0BBBFC31}
	EndGlobalSection
	GlobalSection(ExtensibilityGlobals) = postSolution
		SolutionGuid = {F20D4446-7593-4D87-AF46-855BFDDF7D7B}
	EndGlobalSection
EndGlobal
